
Microsoft Visual Studio Solution File, Format Version 12.00
# Visual Studio 2013
VisualStudioVersion = 12.0.30501.0
MinimumVisualStudioVersion = 10.0.40219.1
Project("{FAE04EC0-301F-11D3-BF4B-00C04F79EFBC}") = "WaitDemo", "WaitDemo\WaitDemo.csproj", "{99B3A723-8961-4C61-AD76-833C2B9C3049}"
EndProject
Project("{FAE04EC0-301F-11D3-BF4B-00C04F79EFBC}") = "WaitDemoTest", "AsyncIODemoTest\WaitDemoTest.csproj", "{0C32B598-B812-4902-A410-0D3434A1EB7B}"
EndProject
Project("{2150E333-8FDC-42A3-9474-1A3956D46DE8}") = "Solution Items", "Solution Items", "{20201C2A-09F9-4928-BABE-B70920ABA809}"
	ProjectSection(SolutionItems) = preProject
		Local.testsettings = Local.testsettings
	EndProjectSection
EndProject
Project("{8BC9CEB8-8B4A-11D0-8D11-00A0C91BC942}") = "NativeDll", "NativeDll\NativeDll.vcxproj", "{B6345BB9-AA77-449B-88DB-30B4B0708823}"
EndProject
Project("{FAE04EC0-301F-11D3-BF4B-00C04F79EFBC}") = "ThreadDemo", "ThreadDemo\ThreadDemo.csproj", "{2E313B2B-5E0C-435D-A03F-445849060EC1}"
EndProject
Project("{FAE04EC0-301F-11D3-BF4B-00C04F79EFBC}") = "CacheLines", "CacheLines\CacheLines.csproj", "{EA5B9055-4419-4099-A260-0F3565A2969D}"
EndProject
Global
	GlobalSection(SolutionConfigurationPlatforms) = preSolution
		Debug|Any CPU = Debug|Any CPU
		Debug|Mixed Platforms = Debug|Mixed Platforms
		Release|Any CPU = Release|Any CPU
		Release|Mixed Platforms = Release|Mixed Platforms
	EndGlobalSection
	GlobalSection(ProjectConfigurationPlatforms) = postSolution
		{99B3A723-8961-4C61-AD76-833C2B9C3049}.Debug|Any CPU.ActiveCfg = Debug|Any CPU
		{99B3A723-8961-4C61-AD76-833C2B9C3049}.Debug|Any CPU.Build.0 = Debug|Any CPU
		{99B3A723-8961-4C61-AD76-833C2B9C3049}.Debug|Mixed Platforms.ActiveCfg = Debug|Any CPU
		{99B3A723-8961-4C61-AD76-833C2B9C3049}.Debug|Mixed Platforms.Build.0 = Debug|Any CPU
		{99B3A723-8961-4C61-AD76-833C2B9C3049}.Release|Any CPU.ActiveCfg = Release|Any CPU
		{99B3A723-8961-4C61-AD76-833C2B9C3049}.Release|Any CPU.Build.0 = Release|Any CPU
		{99B3A723-8961-4C61-AD76-833C2B9C3049}.Release|Mixed Platforms.ActiveCfg = Release|Any CPU
		{99B3A723-8961-4C61-AD76-833C2B9C3049}.Release|Mixed Platforms.Build.0 = Release|Any CPU
		{0C32B598-B812-4902-A410-0D3434A1EB7B}.Debug|Any CPU.ActiveCfg = Debug|Any CPU
		{0C32B598-B812-4902-A410-0D3434A1EB7B}.Debug|Any CPU.Build.0 = Debug|Any CPU
		{0C32B598-B812-4902-A410-0D3434A1EB7B}.Debug|Mixed Platforms.ActiveCfg = Debug|Any CPU
		{0C32B598-B812-4902-A410-0D3434A1EB7B}.Debug|Mixed Platforms.Build.0 = Debug|Any CPU
		{0C32B598-B812-4902-A410-0D3434A1EB7B}.Release|Any CPU.ActiveCfg = Release|Any CPU
		{0C32B598-B812-4902-A410-0D3434A1EB7B}.Release|Any CPU.Build.0 = Release|Any CPU
		{0C32B598-B812-4902-A410-0D3434A1EB7B}.Release|Mixed Platforms.ActiveCfg = Release|Any CPU
		{0C32B598-B812-4902-A410-0D3434A1EB7B}.Release|Mixed Platforms.Build.0 = Release|Any CPU
		{B6345BB9-AA77-449B-88DB-30B4B0708823}.Debug|Any CPU.ActiveCfg = Debug|Win32
		{B6345BB9-AA77-449B-88DB-30B4B0708823}.Debug|Any CPU.Build.0 = Debug|Win32
		{B6345BB9-AA77-449B-88DB-30B4B0708823}.Debug|Mixed Platforms.ActiveCfg = Debug|Win32
		{B6345BB9-AA77-449B-88DB-30B4B0708823}.Debug|Mixed Platforms.Build.0 = Debug|Win32
		{B6345BB9-AA77-449B-88DB-30B4B0708823}.Release|Any CPU.ActiveCfg = Release|Win32
		{B6345BB9-AA77-449B-88DB-30B4B0708823}.Release|Mixed Platforms.ActiveCfg = Release|Win32
		{B6345BB9-AA77-449B-88DB-30B4B0708823}.Release|Mixed Platforms.Build.0 = Release|Win32
		{2E313B2B-5E0C-435D-A03F-445849060EC1}.Debug|Any CPU.ActiveCfg = Debug|Any CPU
		{2E313B2B-5E0C-435D-A03F-445849060EC1}.Debug|Any CPU.Build.0 = Debug|Any CPU
		{2E313B2B-5E0C-435D-A03F-445849060EC1}.Debug|Mixed Platforms.ActiveCfg = Debug|Any CPU
		{2E313B2B-5E0C-435D-A03F-445849060EC1}.Debug|Mixed Platforms.Build.0 = Debug|Any CPU
		{2E313B2B-5E0C-435D-A03F-445849060EC1}.Release|Any CPU.ActiveCfg = Release|Any CPU
		{2E313B2B-5E0C-435D-A03F-445849060EC1}.Release|Any CPU.Build.0 = Release|Any CPU
		{2E313B2B-5E0C-435D-A03F-445849060EC1}.Release|Mixed Platforms.ActiveCfg = Release|Any CPU
		{2E313B2B-5E0C-435D-A03F-445849060EC1}.Release|Mixed Platforms.Build.0 = Release|Any CPU
		{EA5B9055-4419-4099-A260-0F3565A2969D}.Debug|Any CPU.ActiveCfg = Debug|Any CPU
		{EA5B9055-4419-4099-A260-0F3565A2969D}.Debug|Any CPU.Build.0 = Debug|Any CPU
		{EA5B9055-4419-4099-A260-0F3565A2969D}.Debug|Mixed Platforms.ActiveCfg = Debug|Any CPU
		{EA5B9055-4419-4099-A260-0F3565A2969D}.Debug|Mixed Platforms.Build.0 = Debug|Any CPU
		{EA5B9055-4419-4099-A260-0F3565A2969D}.Release|Any CPU.ActiveCfg = Release|Any CPU
		{EA5B9055-4419-4099-A260-0F3565A2969D}.Release|Any CPU.Build.0 = Release|Any CPU
		{EA5B9055-4419-4099-A260-0F3565A2969D}.Release|Mixed Platforms.ActiveCfg = Release|Any CPU
		{EA5B9055-4419-4099-A260-0F3565A2969D}.Release|Mixed Platforms.Build.0 = Release|Any CPU
	EndGlobalSection
	GlobalSection(SolutionProperties) = preSolution
		HideSolutionNode = FALSE
	EndGlobalSection
EndGlobal
