
Microsoft Visual Studio Solution File, Format Version 12.00
# Visual Studio 2013
VisualStudioVersion = 12.0.30501.0
MinimumVisualStudioVersion = 10.0.40219.1
Project("{FAE04EC0-301F-11D3-BF4B-00C04F79EFBC}") = "WaitDemo", "WaitDemo\WaitDemo.csproj", "{99B3A723-8961-4C61-AD76-833C2B9C3049}"
EndProject
Project("{FAE04EC0-301F-11D3-BF4B-00C04F79EFBC}") = "AsyncIODemoTest", "AsyncIODemoTest\AsyncIODemoTest.csproj", "{0C32B598-B812-4902-A410-0D3434A1EB7B}"
EndProject
Project("{2150E333-8FDC-42A3-9474-1A3956D46DE8}") = "Solution Items", "Solution Items", "{20201C2A-09F9-4928-BABE-B70920ABA809}"
	ProjectSection(SolutionItems) = preProject
		Local.testsettings = Local.testsettings
	EndProjectSection
EndProject
Global
	GlobalSection(SolutionConfigurationPlatforms) = preSolution
		Debug|Any CPU = Debug|Any CPU
		Release|Any CPU = Release|Any CPU
	EndGlobalSection
	GlobalSection(ProjectConfigurationPlatforms) = postSolution
		{99B3A723-8961-4C61-AD76-833C2B9C3049}.Debug|Any CPU.ActiveCfg = Debug|Any CPU
		{99B3A723-8961-4C61-AD76-833C2B9C3049}.Debug|Any CPU.Build.0 = Debug|Any CPU
		{99B3A723-8961-4C61-AD76-833C2B9C3049}.Release|Any CPU.ActiveCfg = Release|Any CPU
		{99B3A723-8961-4C61-AD76-833C2B9C3049}.Release|Any CPU.Build.0 = Release|Any CPU
		{0C32B598-B812-4902-A410-0D3434A1EB7B}.Debug|Any CPU.ActiveCfg = Debug|Any CPU
		{0C32B598-B812-4902-A410-0D3434A1EB7B}.Debug|Any CPU.Build.0 = Debug|Any CPU
		{0C32B598-B812-4902-A410-0D3434A1EB7B}.Release|Any CPU.ActiveCfg = Release|Any CPU
		{0C32B598-B812-4902-A410-0D3434A1EB7B}.Release|Any CPU.Build.0 = Release|Any CPU
	EndGlobalSection
	GlobalSection(SolutionProperties) = preSolution
		HideSolutionNode = FALSE
	EndGlobalSection
EndGlobal
